// !$*UTF8*$!
{
	archiveVersion = 1;
	classes = {
	};
	objectVersion = 46;
	objects = {

/* Begin PBXBuildFile section */
		2790A741140958C7008F1748 /* UIKit.framework in Frameworks */ = {isa = PBXBuildFile; fileRef = 2790A740140958C7008F1748 /* UIKit.framework */; };
		2790A743140958C7008F1748 /* Foundation.framework in Frameworks */ = {isa = PBXBuildFile; fileRef = 2790A742140958C7008F1748 /* Foundation.framework */; };
		2790A745140958C7008F1748 /* CoreGraphics.framework in Frameworks */ = {isa = PBXBuildFile; fileRef = 2790A744140958C7008F1748 /* CoreGraphics.framework */; };
		2790A74B140958C7008F1748 /* InfoPlist.strings in Resources */ = {isa = PBXBuildFile; fileRef = 2790A749140958C7008F1748 /* InfoPlist.strings */; };
		2790A74D140958C7008F1748 /* main.m in Sources */ = {isa = PBXBuildFile; fileRef = 2790A74C140958C7008F1748 /* main.m */; };
		2790A751140958C7008F1748 /* SPARCAppDelegate.m in Sources */ = {isa = PBXBuildFile; fileRef = 2790A750140958C7008F1748 /* SPARCAppDelegate.m */; };
		2790A754140958C7008F1748 /* MainWindow.xib in Resources */ = {isa = PBXBuildFile; fileRef = 2790A752140958C7008F1748 /* MainWindow.xib */; };
		2790A763140959A1008F1748 /* Project.m in Sources */ = {isa = PBXBuildFile; fileRef = 2790A762140959A1008F1748 /* Project.m */; };
		2790A766140959A9008F1748 /* Story.m in Sources */ = {isa = PBXBuildFile; fileRef = 2790A765140959A9008F1748 /* Story.m */; };
		2790A76C140959E6008F1748 /* Task.m in Sources */ = {isa = PBXBuildFile; fileRef = 2790A76B140959E6008F1748 /* Task.m */; };
		2790A770140959F8008F1748 /* User.m in Sources */ = {isa = PBXBuildFile; fileRef = 2790A76F140959F8008F1748 /* User.m */; };
		2790A778140966AD008F1748 /* RegisterUserViewController.m in Sources */ = {isa = PBXBuildFile; fileRef = 2790A776140966AC008F1748 /* RegisterUserViewController.m */; };
		2790A779140966AD008F1748 /* RegisterUserViewController.xib in Resources */ = {isa = PBXBuildFile; fileRef = 2790A777140966AC008F1748 /* RegisterUserViewController.xib */; };
		2790A77D140966BF008F1748 /* LoginViewController.m in Sources */ = {isa = PBXBuildFile; fileRef = 2790A77B140966BE008F1748 /* LoginViewController.m */; };
		2790A77E140966BF008F1748 /* LoginViewController.xib in Resources */ = {isa = PBXBuildFile; fileRef = 2790A77C140966BE008F1748 /* LoginViewController.xib */; };
		2790A78714096715008F1748 /* StoryViewController.m in Sources */ = {isa = PBXBuildFile; fileRef = 2790A78514096715008F1748 /* StoryViewController.m */; };
		2790A78814096715008F1748 /* StoryViewController.xib in Resources */ = {isa = PBXBuildFile; fileRef = 2790A78614096715008F1748 /* StoryViewController.xib */; };
		2790A78C1409672E008F1748 /* SummaryViewController.m in Sources */ = {isa = PBXBuildFile; fileRef = 2790A78A1409672E008F1748 /* SummaryViewController.m */; };
		2790A78D1409672E008F1748 /* SummaryViewController.xib in Resources */ = {isa = PBXBuildFile; fileRef = 2790A78B1409672E008F1748 /* SummaryViewController.xib */; };
		2790A79114096738008F1748 /* TaskViewController.m in Sources */ = {isa = PBXBuildFile; fileRef = 2790A78F14096738008F1748 /* TaskViewController.m */; };
		2790A79214096738008F1748 /* TaskViewController.xib in Resources */ = {isa = PBXBuildFile; fileRef = 2790A79014096738008F1748 /* TaskViewController.xib */; };
		2790A79614096743008F1748 /* ProjectViewController.m in Sources */ = {isa = PBXBuildFile; fileRef = 2790A79414096743008F1748 /* ProjectViewController.m */; };
		2790A79714096743008F1748 /* ProjectViewController.xib in Resources */ = {isa = PBXBuildFile; fileRef = 2790A79514096743008F1748 /* ProjectViewController.xib */; };
		2790A79B14096762008F1748 /* CreateUserViewController.m in Sources */ = {isa = PBXBuildFile; fileRef = 2790A79914096762008F1748 /* CreateUserViewController.m */; };
		2790A79C14096762008F1748 /* CreateUserViewController.xib in Resources */ = {isa = PBXBuildFile; fileRef = 2790A79A14096762008F1748 /* CreateUserViewController.xib */; };
/* End PBXBuildFile section */

/* Begin PBXFileReference section */
		2790A73C140958C7008F1748 /* SPARC.app */ = {isa = PBXFileReference; explicitFileType = wrapper.application; includeInIndex = 0; path = SPARC.app; sourceTree = BUILT_PRODUCTS_DIR; };
		2790A740140958C7008F1748 /* UIKit.framework */ = {isa = PBXFileReference; lastKnownFileType = wrapper.framework; name = UIKit.framework; path = System/Library/Frameworks/UIKit.framework; sourceTree = SDKROOT; };
		2790A742140958C7008F1748 /* Foundation.framework */ = {isa = PBXFileReference; lastKnownFileType = wrapper.framework; name = Foundation.framework; path = System/Library/Frameworks/Foundation.framework; sourceTree = SDKROOT; };
		2790A744140958C7008F1748 /* CoreGraphics.framework */ = {isa = PBXFileReference; lastKnownFileType = wrapper.framework; name = CoreGraphics.framework; path = System/Library/Frameworks/CoreGraphics.framework; sourceTree = SDKROOT; };
		2790A748140958C7008F1748 /* SPARC-Info.plist */ = {isa = PBXFileReference; lastKnownFileType = text.plist.xml; path = "SPARC-Info.plist"; sourceTree = "<group>"; };
		2790A74A140958C7008F1748 /* en */ = {isa = PBXFileReference; lastKnownFileType = text.plist.strings; name = en; path = en.lproj/InfoPlist.strings; sourceTree = "<group>"; };
		2790A74C140958C7008F1748 /* main.m */ = {isa = PBXFileReference; lastKnownFileType = sourcecode.c.objc; path = main.m; sourceTree = "<group>"; };
		2790A74E140958C7008F1748 /* SPARC-Prefix.pch */ = {isa = PBXFileReference; lastKnownFileType = sourcecode.c.h; path = "SPARC-Prefix.pch"; sourceTree = "<group>"; };
		2790A74F140958C7008F1748 /* SPARCAppDelegate.h */ = {isa = PBXFileReference; lastKnownFileType = sourcecode.c.h; path = SPARCAppDelegate.h; sourceTree = "<group>"; };
		2790A750140958C7008F1748 /* SPARCAppDelegate.m */ = {isa = PBXFileReference; lastKnownFileType = sourcecode.c.objc; path = SPARCAppDelegate.m; sourceTree = "<group>"; };
		2790A753140958C7008F1748 /* en */ = {isa = PBXFileReference; lastKnownFileType = file.xib; name = en; path = en.lproj/MainWindow.xib; sourceTree = "<group>"; };
		2790A761140959A1008F1748 /* Project.h */ = {isa = PBXFileReference; fileEncoding = 4; lastKnownFileType = sourcecode.c.h; path = Project.h; sourceTree = "<group>"; };
		2790A762140959A1008F1748 /* Project.m */ = {isa = PBXFileReference; fileEncoding = 4; lastKnownFileType = sourcecode.c.objc; path = Project.m; sourceTree = "<group>"; };
		2790A764140959A9008F1748 /* Story.h */ = {isa = PBXFileReference; fileEncoding = 4; lastKnownFileType = sourcecode.c.h; path = Story.h; sourceTree = "<group>"; };
		2790A765140959A9008F1748 /* Story.m */ = {isa = PBXFileReference; fileEncoding = 4; lastKnownFileType = sourcecode.c.objc; path = Story.m; sourceTree = "<group>"; };
		2790A76A140959E6008F1748 /* Task.h */ = {isa = PBXFileReference; fileEncoding = 4; lastKnownFileType = sourcecode.c.h; path = Task.h; sourceTree = "<group>"; };
		2790A76B140959E6008F1748 /* Task.m */ = {isa = PBXFileReference; fileEncoding = 4; lastKnownFileType = sourcecode.c.objc; path = Task.m; sourceTree = "<group>"; };
		2790A76E140959F8008F1748 /* User.h */ = {isa = PBXFileReference; fileEncoding = 4; lastKnownFileType = sourcecode.c.h; path = User.h; sourceTree = "<group>"; };
		2790A76F140959F8008F1748 /* User.m */ = {isa = PBXFileReference; fileEncoding = 4; lastKnownFileType = sourcecode.c.objc; path = User.m; sourceTree = "<group>"; };
		2790A775140966AC008F1748 /* RegisterUserViewController.h */ = {isa = PBXFileReference; fileEncoding = 4; lastKnownFileType = sourcecode.c.h; path = RegisterUserViewController.h; sourceTree = "<group>"; };
		2790A776140966AC008F1748 /* RegisterUserViewController.m */ = {isa = PBXFileReference; fileEncoding = 4; lastKnownFileType = sourcecode.c.objc; path = RegisterUserViewController.m; sourceTree = "<group>"; };
		2790A777140966AC008F1748 /* RegisterUserViewController.xib */ = {isa = PBXFileReference; fileEncoding = 4; lastKnownFileType = file.xib; path = RegisterUserViewController.xib; sourceTree = "<group>"; };
		2790A77A140966BE008F1748 /* LoginViewController.h */ = {isa = PBXFileReference; fileEncoding = 4; lastKnownFileType = sourcecode.c.h; path = LoginViewController.h; sourceTree = "<group>"; };
		2790A77B140966BE008F1748 /* LoginViewController.m */ = {isa = PBXFileReference; fileEncoding = 4; lastKnownFileType = sourcecode.c.objc; path = LoginViewController.m; sourceTree = "<group>"; };
		2790A77C140966BE008F1748 /* LoginViewController.xib */ = {isa = PBXFileReference; fileEncoding = 4; lastKnownFileType = file.xib; path = LoginViewController.xib; sourceTree = "<group>"; };
		2790A78414096715008F1748 /* StoryViewController.h */ = {isa = PBXFileReference; fileEncoding = 4; lastKnownFileType = sourcecode.c.h; path = StoryViewController.h; sourceTree = "<group>"; };
		2790A78514096715008F1748 /* StoryViewController.m */ = {isa = PBXFileReference; fileEncoding = 4; lastKnownFileType = sourcecode.c.objc; path = StoryViewController.m; sourceTree = "<group>"; };
		2790A78614096715008F1748 /* StoryViewController.xib */ = {isa = PBXFileReference; fileEncoding = 4; lastKnownFileType = file.xib; path = StoryViewController.xib; sourceTree = "<group>"; };
		2790A7891409672E008F1748 /* SummaryViewController.h */ = {isa = PBXFileReference; fileEncoding = 4; lastKnownFileType = sourcecode.c.h; path = SummaryViewController.h; sourceTree = "<group>"; };
		2790A78A1409672E008F1748 /* SummaryViewController.m */ = {isa = PBXFileReference; fileEncoding = 4; lastKnownFileType = sourcecode.c.objc; path = SummaryViewController.m; sourceTree = "<group>"; };
		2790A78B1409672E008F1748 /* SummaryViewController.xib */ = {isa = PBXFileReference; fileEncoding = 4; lastKnownFileType = file.xib; path = SummaryViewController.xib; sourceTree = "<group>"; };
		2790A78E14096738008F1748 /* TaskViewController.h */ = {isa = PBXFileReference; fileEncoding = 4; lastKnownFileType = sourcecode.c.h; path = TaskViewController.h; sourceTree = "<group>"; };
		2790A78F14096738008F1748 /* TaskViewController.m */ = {isa = PBXFileReference; fileEncoding = 4; lastKnownFileType = sourcecode.c.objc; path = TaskViewController.m; sourceTree = "<group>"; };
		2790A79014096738008F1748 /* TaskViewController.xib */ = {isa = PBXFileReference; fileEncoding = 4; lastKnownFileType = file.xib; path = TaskViewController.xib; sourceTree = "<group>"; };
		2790A79314096743008F1748 /* ProjectViewController.h */ = {isa = PBXFileReference; fileEncoding = 4; lastKnownFileType = sourcecode.c.h; path = ProjectViewController.h; sourceTree = "<group>"; };
		2790A79414096743008F1748 /* ProjectViewController.m */ = {isa = PBXFileReference; fileEncoding = 4; lastKnownFileType = sourcecode.c.objc; path = ProjectViewController.m; sourceTree = "<group>"; };
		2790A79514096743008F1748 /* ProjectViewController.xib */ = {isa = PBXFileReference; fileEncoding = 4; lastKnownFileType = file.xib; path = ProjectViewController.xib; sourceTree = "<group>"; };
		2790A79814096762008F1748 /* CreateUserViewController.h */ = {isa = PBXFileReference; fileEncoding = 4; lastKnownFileType = sourcecode.c.h; path = CreateUserViewController.h; sourceTree = "<group>"; };
		2790A79914096762008F1748 /* CreateUserViewController.m */ = {isa = PBXFileReference; fileEncoding = 4; lastKnownFileType = sourcecode.c.objc; path = CreateUserViewController.m; sourceTree = "<group>"; };
		2790A79A14096762008F1748 /* CreateUserViewController.xib */ = {isa = PBXFileReference; fileEncoding = 4; lastKnownFileType = file.xib; path = CreateUserViewController.xib; sourceTree = "<group>"; };
/* End PBXFileReference section */

/* Begin PBXFrameworksBuildPhase section */
		2790A739140958C7008F1748 /* Frameworks */ = {
			isa = PBXFrameworksBuildPhase;
			buildActionMask = 2147483647;
			files = (
				2790A741140958C7008F1748 /* UIKit.framework in Frameworks */,
				2790A743140958C7008F1748 /* Foundation.framework in Frameworks */,
				2790A745140958C7008F1748 /* CoreGraphics.framework in Frameworks */,
			);
			runOnlyForDeploymentPostprocessing = 0;
		};
/* End PBXFrameworksBuildPhase section */

/* Begin PBXGroup section */
		2790A731140958C7008F1748 = {
			isa = PBXGroup;
			children = (
				2790A746140958C7008F1748 /* SPARC */,
				2790A73F140958C7008F1748 /* Frameworks */,
				2790A73D140958C7008F1748 /* Products */,
			);
			sourceTree = "<group>";
		};
		2790A73D140958C7008F1748 /* Products */ = {
			isa = PBXGroup;
			children = (
				2790A73C140958C7008F1748 /* SPARC.app */,
			);
			name = Products;
			sourceTree = "<group>";
		};
		2790A73F140958C7008F1748 /* Frameworks */ = {
			isa = PBXGroup;
			children = (
				2790A740140958C7008F1748 /* UIKit.framework */,
				2790A742140958C7008F1748 /* Foundation.framework */,
				2790A744140958C7008F1748 /* CoreGraphics.framework */,
			);
			name = Frameworks;
			sourceTree = "<group>";
		};
		2790A746140958C7008F1748 /* SPARC */ = {
			isa = PBXGroup;
			children = (
				2790A7601409597E008F1748 /* Data Heirarchy */,
				2790A74F140958C7008F1748 /* SPARCAppDelegate.h */,
				2790A750140958C7008F1748 /* SPARCAppDelegate.m */,
				2790A752140958C7008F1748 /* MainWindow.xib */,
				2790A79814096762008F1748 /* CreateUserViewController.h */,
				2790A79914096762008F1748 /* CreateUserViewController.m */,
				2790A79A14096762008F1748 /* CreateUserViewController.xib */,
				2790A77A140966BE008F1748 /* LoginViewController.h */,
				2790A77B140966BE008F1748 /* LoginViewController.m */,
				2790A77C140966BE008F1748 /* LoginViewController.xib */,
				2790A79314096743008F1748 /* ProjectViewController.h */,
				2790A79414096743008F1748 /* ProjectViewController.m */,
				2790A79514096743008F1748 /* ProjectViewController.xib */,
				2790A775140966AC008F1748 /* RegisterUserViewController.h */,
				2790A776140966AC008F1748 /* RegisterUserViewController.m */,
				2790A777140966AC008F1748 /* RegisterUserViewController.xib */,
				2790A78414096715008F1748 /* StoryViewController.h */,
				2790A78514096715008F1748 /* StoryViewController.m */,
				2790A78614096715008F1748 /* StoryViewController.xib */,
				2790A7891409672E008F1748 /* SummaryViewController.h */,
				2790A78A1409672E008F1748 /* SummaryViewController.m */,
				2790A78B1409672E008F1748 /* SummaryViewController.xib */,
				2790A78E14096738008F1748 /* TaskViewController.h */,
				2790A78F14096738008F1748 /* TaskViewController.m */,
				2790A79014096738008F1748 /* TaskViewController.xib */,
				2790A747140958C7008F1748 /* Supporting Files */,
			);
			path = SPARC;
			sourceTree = "<group>";
		};
		2790A747140958C7008F1748 /* Supporting Files */ = {
			isa = PBXGroup;
			children = (
				2790A748140958C7008F1748 /* SPARC-Info.plist */,
				2790A749140958C7008F1748 /* InfoPlist.strings */,
				2790A74C140958C7008F1748 /* main.m */,
				2790A74E140958C7008F1748 /* SPARC-Prefix.pch */,
			);
			name = "Supporting Files";
			sourceTree = "<group>";
		};
		2790A7601409597E008F1748 /* Data Heirarchy */ = {
			isa = PBXGroup;
			children = (
				2790A767140959BC008F1748 /* Project */,
				2790A768140959D2008F1748 /* Story */,
				2790A769140959DF008F1748 /* Task */,
				2790A76D140959F2008F1748 /* User */,
			);
			name = "Data Heirarchy";
			sourceTree = "<group>";
		};
		2790A767140959BC008F1748 /* Project */ = {
			isa = PBXGroup;
			children = (
				2790A761140959A1008F1748 /* Project.h */,
				2790A762140959A1008F1748 /* Project.m */,
			);
			name = Project;
			sourceTree = "<group>";
		};
		2790A768140959D2008F1748 /* Story */ = {
			isa = PBXGroup;
			children = (
				2790A764140959A9008F1748 /* Story.h */,
				2790A765140959A9008F1748 /* Story.m */,
			);
			name = Story;
			sourceTree = "<group>";
		};
		2790A769140959DF008F1748 /* Task */ = {
			isa = PBXGroup;
			children = (
				2790A76A140959E6008F1748 /* Task.h */,
				2790A76B140959E6008F1748 /* Task.m */,
			);
			name = Task;
			sourceTree = "<group>";
		};
		2790A76D140959F2008F1748 /* User */ = {
			isa = PBXGroup;
			children = (
				2790A76E140959F8008F1748 /* User.h */,
				2790A76F140959F8008F1748 /* User.m */,
			);
			name = User;
			sourceTree = "<group>";
		};
/* End PBXGroup section */

/* Begin PBXNativeTarget section */
		2790A73B140958C7008F1748 /* SPARC */ = {
			isa = PBXNativeTarget;
			buildConfigurationList = 2790A75D140958C7008F1748 /* Build configuration list for PBXNativeTarget "SPARC" */;
			buildPhases = (
				2790A738140958C7008F1748 /* Sources */,
				2790A739140958C7008F1748 /* Frameworks */,
				2790A73A140958C7008F1748 /* Resources */,
			);
			buildRules = (
			);
			dependencies = (
			);
			name = SPARC;
			productName = SPARC;
			productReference = 2790A73C140958C7008F1748 /* SPARC.app */;
			productType = "com.apple.product-type.application";
		};
/* End PBXNativeTarget section */

/* Begin PBXProject section */
		2790A733140958C7008F1748 /* Project object */ = {
			isa = PBXProject;
			attributes = {
				LastUpgradeCheck = 0420;
				ORGANIZATIONNAME = MUSC;
			};
			buildConfigurationList = 2790A736140958C7008F1748 /* Build configuration list for PBXProject "SPARC" */;
			compatibilityVersion = "Xcode 3.2";
			developmentRegion = English;
			hasScannedForEncodings = 0;
			knownRegions = (
				en,
			);
			mainGroup = 2790A731140958C7008F1748;
			productRefGroup = 2790A73D140958C7008F1748 /* Products */;
			projectDirPath = "";
			projectRoot = "";
			targets = (
				2790A73B140958C7008F1748 /* SPARC */,
			);
		};
/* End PBXProject section */

/* Begin PBXResourcesBuildPhase section */
		2790A73A140958C7008F1748 /* Resources */ = {
			isa = PBXResourcesBuildPhase;
			buildActionMask = 2147483647;
			files = (
				2790A74B140958C7008F1748 /* InfoPlist.strings in Resources */,
				2790A754140958C7008F1748 /* MainWindow.xib in Resources */,
				2790A779140966AD008F1748 /* RegisterUserViewController.xib in Resources */,
				2790A77E140966BF008F1748 /* LoginViewController.xib in Resources */,
				2790A78814096715008F1748 /* StoryViewController.xib in Resources */,
				2790A78D1409672E008F1748 /* SummaryViewController.xib in Resources */,
				2790A79214096738008F1748 /* TaskViewController.xib in Resources */,
				2790A79714096743008F1748 /* ProjectViewController.xib in Resources */,
				2790A79C14096762008F1748 /* CreateUserViewController.xib in Resources */,
			);
			runOnlyForDeploymentPostprocessing = 0;
		};
/* End PBXResourcesBuildPhase section */

/* Begin PBXSourcesBuildPhase section */
		2790A738140958C7008F1748 /* Sources */ = {
			isa = PBXSourcesBuildPhase;
			buildActionMask = 2147483647;
			files = (
				2790A74D140958C7008F1748 /* main.m in Sources */,
				2790A751140958C7008F1748 /* SPARCAppDelegate.m in Sources */,
				2790A763140959A1008F1748 /* Project.m in Sources */,
				2790A766140959A9008F1748 /* Story.m in Sources */,
				2790A76C140959E6008F1748 /* Task.m in Sources */,
				2790A770140959F8008F1748 /* User.m in Sources */,
				2790A778140966AD008F1748 /* RegisterUserViewController.m in Sources */,
				2790A77D140966BF008F1748 /* LoginViewController.m in Sources */,
				2790A78714096715008F1748 /* StoryViewController.m in Sources */,
				2790A78C1409672E008F1748 /* SummaryViewController.m in Sources */,
				2790A79114096738008F1748 /* TaskViewController.m in Sources */,
				2790A79614096743008F1748 /* ProjectViewController.m in Sources */,
				2790A79B14096762008F1748 /* CreateUserViewController.m in Sources */,
			);
			runOnlyForDeploymentPostprocessing = 0;
		};
/* End PBXSourcesBuildPhase section */

/* Begin PBXVariantGroup section */
		2790A749140958C7008F1748 /* InfoPlist.strings */ = {
			isa = PBXVariantGroup;
			children = (
				2790A74A140958C7008F1748 /* en */,
			);
			name = InfoPlist.strings;
			sourceTree = "<group>";
		};
		2790A752140958C7008F1748 /* MainWindow.xib */ = {
			isa = PBXVariantGroup;
			children = (
				2790A753140958C7008F1748 /* en */,
			);
			name = MainWindow.xib;
			sourceTree = "<group>";
		};
/* End PBXVariantGroup section */

/* Begin XCBuildConfiguration section */
		2790A75B140958C7008F1748 /* Debug */ = {
			isa = XCBuildConfiguration;
			buildSettings = {
				ALWAYS_SEARCH_USER_PATHS = NO;
				ARCHS = "$(ARCHS_STANDARD_32_BIT)";
				"CODE_SIGN_IDENTITY[sdk=iphoneos*]" = "iPhone Developer";
				COPY_PHASE_STRIP = NO;
				GCC_C_LANGUAGE_STANDARD = gnu99;
				GCC_DYNAMIC_NO_PIC = NO;
				GCC_OPTIMIZATION_LEVEL = 0;
				GCC_PREPROCESSOR_DEFINITIONS = (
					"DEBUG=1",
					"$(inherited)",
				);
				GCC_SYMBOLS_PRIVATE_EXTERN = NO;
				GCC_VERSION = com.apple.compilers.llvmgcc42;
				GCC_WARN_ABOUT_MISSING_PROTOTYPES = YES;
				GCC_WARN_ABOUT_RETURN_TYPE = YES;
				GCC_WARN_UNUSED_VARIABLE = YES;
				IPHONEOS_DEPLOYMENT_TARGET = 4.3;
				SDKROOT = iphoneos;
			};
			name = Debug;
		};
		2790A75C140958C7008F1748 /* Release */ = {
			isa = XCBuildConfiguration;
			buildSettings = {
				ALWAYS_SEARCH_USER_PATHS = NO;
				ARCHS = "$(ARCHS_STANDARD_32_BIT)";
				"CODE_SIGN_IDENTITY[sdk=iphoneos*]" = "iPhone Developer";
				COPY_PHASE_STRIP = YES;
				GCC_C_LANGUAGE_STANDARD = gnu99;
				GCC_VERSION = com.apple.compilers.llvmgcc42;
				GCC_WARN_ABOUT_MISSING_PROTOTYPES = YES;
				GCC_WARN_ABOUT_RETURN_TYPE = YES;
				GCC_WARN_UNUSED_VARIABLE = YES;
				IPHONEOS_DEPLOYMENT_TARGET = 4.3;
				OTHER_CFLAGS = "-DNS_BLOCK_ASSERTIONS=1";
				SDKROOT = iphoneos;
				VALIDATE_PRODUCT = YES;
			};
			name = Release;
		};
		2790A75E140958C7008F1748 /* Debug */ = {
			isa = XCBuildConfiguration;
			buildSettings = {
				GCC_PRECOMPILE_PREFIX_HEADER = YES;
				GCC_PREFIX_HEADER = "SPARC/SPARC-Prefix.pch";
				INFOPLIST_FILE = "SPARC/SPARC-Info.plist";
				PRODUCT_NAME = "$(TARGET_NAME)";
				WRAPPER_EXTENSION = app;
			};
			name = Debug;
		};
		2790A75F140958C7008F1748 /* Release */ = {
			isa = XCBuildConfiguration;
			buildSettings = {
				GCC_PRECOMPILE_PREFIX_HEADER = YES;
				GCC_PREFIX_HEADER = "SPARC/SPARC-Prefix.pch";
				INFOPLIST_FILE = "SPARC/SPARC-Info.plist";
				PRODUCT_NAME = "$(TARGET_NAME)";
				WRAPPER_EXTENSION = app;
			};
			name = Release;
		};
/* End XCBuildConfiguration section */

/* Begin XCConfigurationList section */
		2790A736140958C7008F1748 /* Build configuration list for PBXProject "SPARC" */ = {
			isa = XCConfigurationList;
			buildConfigurations = (
				2790A75B140958C7008F1748 /* Debug */,
				2790A75C140958C7008F1748 /* Release */,
			);
			defaultConfigurationIsVisible = 0;
			defaultConfigurationName = Release;
		};
		2790A75D140958C7008F1748 /* Build configuration list for PBXNativeTarget "SPARC" */ = {
			isa = XCConfigurationList;
			buildConfigurations = (
				2790A75E140958C7008F1748 /* Debug */,
				2790A75F140958C7008F1748 /* Release */,
			);
			defaultConfigurationIsVisible = 0;
			defaultConfigurationName = Release;
		};
/* End XCConfigurationList section */
	};
	rootObject = 2790A733140958C7008F1748 /* Project object */;
}
